<?xml version="1.0" encoding="UTF-8"?>
<Project ToolsVersion="14.0" xmlns="http://schemas.microsoft.com/developer/msbuild/2003">
  <ItemGroup>
    <CustomBuild Include="C:\Users\senth\Documents\llvm\tools\clang\include\clang\Driver\CMakeLists.txt" />
    <CustomBuild Include="C:\Users\senth\Documents\llvm\CMakeFiles\10f28fcb4f6893141983c15c91123e19\Options.inc.tmp.rule">
      <Filter>CMake Rules</Filter>
    </CustomBuild>
    <CustomBuild Include="C:\Users\senth\Documents\llvm\CMakeFiles\10f28fcb4f6893141983c15c91123e19\Options.inc.rule">
      <Filter>CMake Rules</Filter>
    </CustomBuild>
    <CustomBuild Include="C:\Users\senth\Documents\llvm\CMakeFiles\4b564da3282c867f424f6c1b2295b5ac\ClangDriverOptions.rule">
      <Filter>CMake Rules</Filter>
    </CustomBuild>
  </ItemGroup>
  <ItemGroup>
    <None Include="C:\Users\senth\Documents\llvm\tools\clang\include\clang\Driver\CMakeFiles\ClangDriverOptions" />
  </ItemGroup>
  <ItemGroup>
    <Filter Include="CMake Rules">
      <UniqueIdentifier>{40F6E61E-06AD-4A12-8D2E-D1032AFAB4EC}</UniqueIdentifier>
    </Filter>
  </ItemGroup>
</Project>
