<?xml version="1.0" encoding="UTF-8"?>
<Project ToolsVersion="14.0" xmlns="http://schemas.microsoft.com/developer/msbuild/2003">
  <ItemGroup>
    <CustomBuild Include="C:\Users\senth\Documents\llvm\CMakeFiles\fdfbeee593a75522ad8d5be8f4bbc8a5\INSTALL_force.rule">
      <Filter>CMake Rules</Filter>
    </CustomBuild>
  </ItemGroup>
  <ItemGroup>
    <Filter Include="CMake Rules">
      <UniqueIdentifier>{40F6E61E-06AD-4A12-8D2E-D1032AFAB4EC}</UniqueIdentifier>
    </Filter>
  </ItemGroup>
</Project>
