<?xml version="1.0" encoding="UTF-8"?>
<Project ToolsVersion="14.0" xmlns="http://schemas.microsoft.com/developer/msbuild/2003">
  <ItemGroup>
    <CustomBuild Include="C:\Users\senth\Documents\llvm\tools\clang\include\clang\Basic\CMakeLists.txt" />
    <CustomBuild Include="C:\Users\senth\Documents\llvm\CMakeFiles\011cf73461d99e054da211a6b5740d29\DiagnosticASTKinds.inc.tmp.rule">
      <Filter>CMake Rules</Filter>
    </CustomBuild>
    <CustomBuild Include="C:\Users\senth\Documents\llvm\CMakeFiles\011cf73461d99e054da211a6b5740d29\DiagnosticASTKinds.inc.rule">
      <Filter>CMake Rules</Filter>
    </CustomBuild>
    <CustomBuild Include="C:\Users\senth\Documents\llvm\CMakeFiles\25ec626f201e0e5d0bf7e8c38f4c75dc\ClangDiagnosticAST.rule">
      <Filter>CMake Rules</Filter>
    </CustomBuild>
  </ItemGroup>
  <ItemGroup>
    <None Include="C:\Users\senth\Documents\llvm\tools\clang\include\clang\Basic\CMakeFiles\ClangDiagnosticAST" />
  </ItemGroup>
  <ItemGroup>
    <Filter Include="CMake Rules">
      <UniqueIdentifier>{40F6E61E-06AD-4A12-8D2E-D1032AFAB4EC}</UniqueIdentifier>
    </Filter>
  </ItemGroup>
</Project>
