<?xml version="1.0" encoding="UTF-8"?>
<Project ToolsVersion="14.0" xmlns="http://schemas.microsoft.com/developer/msbuild/2003">
  <ItemGroup>
    <CustomBuild Include="C:\Users\senth\Documents\llvm\tools\clang\include\clang\Sema\CMakeLists.txt" />
    <CustomBuild Include="C:\Users\senth\Documents\llvm\CMakeFiles\678782860dcffc081e7a7017707fd281\AttrParsedAttrKinds.inc.tmp.rule">
      <Filter>CMake Rules</Filter>
    </CustomBuild>
    <CustomBuild Include="C:\Users\senth\Documents\llvm\CMakeFiles\678782860dcffc081e7a7017707fd281\AttrParsedAttrKinds.inc.rule">
      <Filter>CMake Rules</Filter>
    </CustomBuild>
    <CustomBuild Include="C:\Users\senth\Documents\llvm\CMakeFiles\1a82abae7139c4a707e3549dea8a3ac6\ClangAttrParsedAttrKinds.rule">
      <Filter>CMake Rules</Filter>
    </CustomBuild>
  </ItemGroup>
  <ItemGroup>
    <None Include="C:\Users\senth\Documents\llvm\tools\clang\include\clang\Sema\CMakeFiles\ClangAttrParsedAttrKinds" />
  </ItemGroup>
  <ItemGroup>
    <Filter Include="CMake Rules">
      <UniqueIdentifier>{40F6E61E-06AD-4A12-8D2E-D1032AFAB4EC}</UniqueIdentifier>
    </Filter>
  </ItemGroup>
</Project>
